
Microsoft Visual Studio Solution File, Format Version 12.00
# Visual Studio Version 17
VisualStudioVersion = 17.2.32526.322
MinimumVisualStudioVersion = 10.0.40219.1
Project("{FAE04EC0-301F-11D3-BF4B-00C04F79EFBC}") = "TM.Tests", "TM.Tests.csproj", "{FDC9B40F-BFB9-4EC1-97DE-9572C7F326D0}"
EndProject
Project("{FAE04EC0-301F-11D3-BF4B-00C04F79EFBC}") = "TM.Domain", "..\TM.Domain\TM.Domain.csproj", "{AC49C534-D7F7-405E-8039-FD6E67D76B65}"
EndProject
Global
	GlobalSection(SolutionConfigurationPlatforms) = preSolution
		Debug|Any CPU = Debug|Any CPU
		Release|Any CPU = Release|Any CPU
	EndGlobalSection
	GlobalSection(ProjectConfigurationPlatforms) = postSolution
		{FDC9B40F-BFB9-4EC1-97DE-9572C7F326D0}.Debug|Any CPU.ActiveCfg = Debug|Any CPU
		{FDC9B40F-BFB9-4EC1-97DE-9572C7F326D0}.Debug|Any CPU.Build.0 = Debug|Any CPU
		{FDC9B40F-BFB9-4EC1-97DE-9572C7F326D0}.Release|Any CPU.ActiveCfg = Release|Any CPU
		{FDC9B40F-BFB9-4EC1-97DE-9572C7F326D0}.Release|Any CPU.Build.0 = Release|Any CPU
		{AC49C534-D7F7-405E-8039-FD6E67D76B65}.Debug|Any CPU.ActiveCfg = Debug|Any CPU
		{AC49C534-D7F7-405E-8039-FD6E67D76B65}.Debug|Any CPU.Build.0 = Debug|Any CPU
		{AC49C534-D7F7-405E-8039-FD6E67D76B65}.Release|Any CPU.ActiveCfg = Release|Any CPU
		{AC49C534-D7F7-405E-8039-FD6E67D76B65}.Release|Any CPU.Build.0 = Release|Any CPU
	EndGlobalSection
	GlobalSection(SolutionProperties) = preSolution
		HideSolutionNode = FALSE
	EndGlobalSection
	GlobalSection(ExtensibilityGlobals) = postSolution
		SolutionGuid = {E31066FD-2C0C-44C5-A657-9BE541EE010B}
	EndGlobalSection
EndGlobal
